schema: '2.0'
stages:
  preprocess:
    cmd: python src/preprocessing.py
    deps:
    - path: data/raw/churn.csv
      hash: md5
      md5: ca18aa5ee4405bbf29a3da3e02e3e982
      size: 977738
    - path: src/preprocessing.py
      hash: md5
      md5: e91faf30e096c7cc7e98d3deae299dc8
      size: 1859
    outs:
    - path: data/processed
      hash: md5
      md5: 03e3b7b2d4d7abcf78fc3693b37d038b.dir
      size: 442579
      nfiles: 5
  train:
    cmd: python src/train.py
    deps:
    - path: data/processed
      hash: md5
      md5: 03e3b7b2d4d7abcf78fc3693b37d038b.dir
      size: 442579
      nfiles: 5
    - path: src/train.py
      hash: md5
      md5: bc8b9c828854b76a5bc74037a046aeae
      size: 1002
    outs:
    - path: models/model.pkl
      hash: md5
      md5: 263e91d08d9ff40a45d8d61875713704
      size: 1183
  evaluate:
    cmd: python src/evaluate.py
    deps:
    - path: data/processed
      hash: md5
      md5: 03e3b7b2d4d7abcf78fc3693b37d038b.dir
      size: 442579
      nfiles: 5
    - path: models/model.pkl
      hash: md5
      md5: 263e91d08d9ff40a45d8d61875713704
      size: 1183
    - path: src/evaluate.py
      hash: md5
      md5: bcdf35673f9ec2f2668159e6ab0bec5e
      size: 596
    outs:
    - path: metrics/eval.json
      hash: md5
      md5: fd5d5abcf209b15056fd48283924b3c7
      size: 31
