schema: '2.0'
stages:
  preprocess:
    cmd: python src/preprocessing.py
    deps:
    - path: data/raw/churn.csv
      hash: md5
      md5: ec3782d2e97535bb79b8ed61d089bbd6
      size: 971469
    - path: src/preprocessing.py
      hash: md5
      md5: e91faf30e096c7cc7e98d3deae299dc8
      size: 1859
    outs:
    - path: data/processed
      hash: md5
      md5: 57bd791d247c82c07b0a09de157616aa.dir
      size: 439386
      nfiles: 5
  train:
    cmd: python src/train.py
    deps:
    - path: data/processed
      hash: md5
      md5: a315bac6cc3c94c57446297e9767d70e.dir
      size: 441839
      nfiles: 5
    - path: src/train.py
      hash: md5
      md5: bc8b9c828854b76a5bc74037a046aeae
      size: 1002
    outs:
    - path: models/model.pkl
      hash: md5
      md5: a5153f88542df32c9b496a99610ddc4b
      size: 1183
  evaluate:
    cmd: python src/evaluate.py
    deps:
    - path: data/processed
      hash: md5
      md5: a315bac6cc3c94c57446297e9767d70e.dir
      size: 441839
      nfiles: 5
    - path: models/model.pkl
      hash: md5
      md5: a5153f88542df32c9b496a99610ddc4b
      size: 1183
    - path: src/evaluate.py
      hash: md5
      md5: bcdf35673f9ec2f2668159e6ab0bec5e
      size: 596
    outs:
    - path: metrics/eval.json
      hash: md5
      md5: 47c117a7d67442c737661caee5de61a3
      size: 31
  ingest:
    cmd: python src/ingestion.py
    outs:
    - path: data/raw/churn.csv
      hash: md5
      md5: ec3782d2e97535bb79b8ed61d089bbd6
      size: 971469
